// !$*UTF8*$!
{
	archiveVersion = 1;
	classes = {
	};
	objectVersion = 51;
	objects = {

/* Begin PBXBuildFile section */
		83DB2C0A07F600A142527CC9 /* libPods-easyVideo-iOS.a in Frameworks */ = {isa = PBXBuildFile; fileRef = 7C66CB153E2204599DA6CCAB /* libPods-easyVideo-iOS.a */; };
		FCA8976D23BEF1B300A0C78E /* AppDelegate.swift in Sources */ = {isa = PBXBuildFile; fileRef = FCA8976C23BEF1B300A0C78E /* AppDelegate.swift */; };
		FCA8977423BEF1B300A0C78E /* Main.storyboard in Resources */ = {isa = PBXBuildFile; fileRef = FCA8977223BEF1B300A0C78E /* Main.storyboard */; };
		FCA8977623BEF1B600A0C78E /* Assets.xcassets in Resources */ = {isa = PBXBuildFile; fileRef = FCA8977523BEF1B600A0C78E /* Assets.xcassets */; };
		FCA8977923BEF1B600A0C78E /* LaunchScreen.storyboard in Resources */ = {isa = PBXBuildFile; fileRef = FCA8977723BEF1B600A0C78E /* LaunchScreen.storyboard */; };
		FCA8979523BF08E000A0C78E /* BaseTabBarVC.swift in Sources */ = {isa = PBXBuildFile; fileRef = FCA8979423BF08E000A0C78E /* BaseTabBarVC.swift */; };
		FCA8979823BF092400A0C78E /* BaseViewController.swift in Sources */ = {isa = PBXBuildFile; fileRef = FCA8979723BF092400A0C78E /* BaseViewController.swift */; };
		FCA8979B23BF0A0F00A0C78E /* MeetingVC.swift in Sources */ = {isa = PBXBuildFile; fileRef = FCA8979923BF0A0F00A0C78E /* MeetingVC.swift */; };
		FCA8979C23BF0A0F00A0C78E /* MeetingVC.xib in Resources */ = {isa = PBXBuildFile; fileRef = FCA8979A23BF0A0F00A0C78E /* MeetingVC.xib */; };
		FCA8979F23BF0A2200A0C78E /* JoinMeetingVC.swift in Sources */ = {isa = PBXBuildFile; fileRef = FCA8979D23BF0A2200A0C78E /* JoinMeetingVC.swift */; };
		FCA897A023BF0A2200A0C78E /* JoinMeetingVC.xib in Resources */ = {isa = PBXBuildFile; fileRef = FCA8979E23BF0A2200A0C78E /* JoinMeetingVC.xib */; };
		FCA897A323BF0A3F00A0C78E /* ChatVC.swift in Sources */ = {isa = PBXBuildFile; fileRef = FCA897A123BF0A3F00A0C78E /* ChatVC.swift */; };
		FCA897A423BF0A3F00A0C78E /* ChatVC.xib in Resources */ = {isa = PBXBuildFile; fileRef = FCA897A223BF0A3F00A0C78E /* ChatVC.xib */; };
		FCA897A723BF0A4B00A0C78E /* ContactVC.swift in Sources */ = {isa = PBXBuildFile; fileRef = FCA897A523BF0A4B00A0C78E /* ContactVC.swift */; };
		FCA897A823BF0A4B00A0C78E /* ContactVC.xib in Resources */ = {isa = PBXBuildFile; fileRef = FCA897A623BF0A4B00A0C78E /* ContactVC.xib */; };
		FCA897AB23BF0A5600A0C78E /* MeVC.swift in Sources */ = {isa = PBXBuildFile; fileRef = FCA897A923BF0A5600A0C78E /* MeVC.swift */; };
		FCA897AC23BF0A5600A0C78E /* MeVC.xib in Resources */ = {isa = PBXBuildFile; fileRef = FCA897AA23BF0A5600A0C78E /* MeVC.xib */; };
		FCA897B123BF0EDE00A0C78E /* UIViewExtension.swift in Sources */ = {isa = PBXBuildFile; fileRef = FCA897B023BF0EDE00A0C78E /* UIViewExtension.swift */; };
		FCA897B323BF0F0000A0C78E /* UITabBarControllerExtension.swift in Sources */ = {isa = PBXBuildFile; fileRef = FCA897B223BF0F0000A0C78E /* UITabBarControllerExtension.swift */; };
		FCA897B623BF1F0700A0C78E /* LoginVC.swift in Sources */ = {isa = PBXBuildFile; fileRef = FCA897B423BF1F0700A0C78E /* LoginVC.swift */; };
		FCA897B723BF1F0700A0C78E /* LoginVC.xib in Resources */ = {isa = PBXBuildFile; fileRef = FCA897B523BF1F0700A0C78E /* LoginVC.xib */; };
		FCA897B923BF1F8A00A0C78E /* BaseVC+jump.swift in Sources */ = {isa = PBXBuildFile; fileRef = FCA897B823BF1F8A00A0C78E /* BaseVC+jump.swift */; };
		FCA897BC23BF1FD200A0C78E /* PrivateVC.swift in Sources */ = {isa = PBXBuildFile; fileRef = FCA897BA23BF1FD200A0C78E /* PrivateVC.swift */; };
		FCA897BD23BF1FD200A0C78E /* PrivateVC.xib in Resources */ = {isa = PBXBuildFile; fileRef = FCA897BB23BF1FD200A0C78E /* PrivateVC.xib */; };
		FCA897C023BF1FE800A0C78E /* CloudVC.swift in Sources */ = {isa = PBXBuildFile; fileRef = FCA897BE23BF1FE800A0C78E /* CloudVC.swift */; };
		FCA897C123BF1FE800A0C78E /* CloudVC.xib in Resources */ = {isa = PBXBuildFile; fileRef = FCA897BF23BF1FE800A0C78E /* CloudVC.xib */; };
		FCA897C723BF2B3C00A0C78E /* LoginVC+EXT.swift in Sources */ = {isa = PBXBuildFile; fileRef = FCA897C623BF2B3C00A0C78E /* LoginVC+EXT.swift */; };
		FCA897C923BF370E00A0C78E /* PrivateVC+EXT.swift in Sources */ = {isa = PBXBuildFile; fileRef = FCA897C823BF370D00A0C78E /* PrivateVC+EXT.swift */; };
		FCA897CB23BF3B9D00A0C78E /* CloudVC+EXT.swift in Sources */ = {isa = PBXBuildFile; fileRef = FCA897CA23BF3B9D00A0C78E /* CloudVC+EXT.swift */; };
		FCA897D023BF3D2700A0C78E /* PrivateLoginVC.swift in Sources */ = {isa = PBXBuildFile; fileRef = FCA897CE23BF3D2700A0C78E /* PrivateLoginVC.swift */; };
		FCA897D123BF3D2700A0C78E /* PrivateLoginVC.xib in Resources */ = {isa = PBXBuildFile; fileRef = FCA897CF23BF3D2700A0C78E /* PrivateLoginVC.xib */; };
		FCA897D423BF3D3600A0C78E /* PrivateJoinVC.swift in Sources */ = {isa = PBXBuildFile; fileRef = FCA897D223BF3D3600A0C78E /* PrivateJoinVC.swift */; };
		FCA897D523BF3D3600A0C78E /* PrivateJoinVC.xib in Resources */ = {isa = PBXBuildFile; fileRef = FCA897D323BF3D3600A0C78E /* PrivateJoinVC.xib */; };
		FCA897D723BF406800A0C78E /* PrivateJoinVC+EXT.swift in Sources */ = {isa = PBXBuildFile; fileRef = FCA897D623BF406800A0C78E /* PrivateJoinVC+EXT.swift */; };
/* End PBXBuildFile section */

/* Begin PBXFileReference section */
		2E32B59F18AC78D59B4A3362 /* Pods-easyVideo-iOS.release.xcconfig */ = {isa = PBXFileReference; includeInIndex = 1; lastKnownFileType = text.xcconfig; name = "Pods-easyVideo-iOS.release.xcconfig"; path = "Target Support Files/Pods-easyVideo-iOS/Pods-easyVideo-iOS.release.xcconfig"; sourceTree = "<group>"; };
		7C66CB153E2204599DA6CCAB /* libPods-easyVideo-iOS.a */ = {isa = PBXFileReference; explicitFileType = archive.ar; includeInIndex = 0; path = "libPods-easyVideo-iOS.a"; sourceTree = BUILT_PRODUCTS_DIR; };
		94BC8C6E623E3DA5586C7BD9 /* Pods-easyVideo-iOS.debug.xcconfig */ = {isa = PBXFileReference; includeInIndex = 1; lastKnownFileType = text.xcconfig; name = "Pods-easyVideo-iOS.debug.xcconfig"; path = "Target Support Files/Pods-easyVideo-iOS/Pods-easyVideo-iOS.debug.xcconfig"; sourceTree = "<group>"; };
		FCA8976923BEF1B300A0C78E /* easyVideo-iOS.app */ = {isa = PBXFileReference; explicitFileType = wrapper.application; includeInIndex = 0; path = "easyVideo-iOS.app"; sourceTree = BUILT_PRODUCTS_DIR; };
		FCA8976C23BEF1B300A0C78E /* AppDelegate.swift */ = {isa = PBXFileReference; lastKnownFileType = sourcecode.swift; path = AppDelegate.swift; sourceTree = "<group>"; };
		FCA8977323BEF1B300A0C78E /* Base */ = {isa = PBXFileReference; lastKnownFileType = file.storyboard; name = Base; path = Base.lproj/Main.storyboard; sourceTree = "<group>"; };
		FCA8977523BEF1B600A0C78E /* Assets.xcassets */ = {isa = PBXFileReference; lastKnownFileType = folder.assetcatalog; path = Assets.xcassets; sourceTree = "<group>"; };
		FCA8977823BEF1B600A0C78E /* Base */ = {isa = PBXFileReference; lastKnownFileType = file.storyboard; name = Base; path = Base.lproj/LaunchScreen.storyboard; sourceTree = "<group>"; };
		FCA8977A23BEF1B600A0C78E /* Info.plist */ = {isa = PBXFileReference; lastKnownFileType = text.plist.xml; path = Info.plist; sourceTree = "<group>"; };
		FCA8978D23BF077000A0C78E /* easyVideo-iOS-Bridging-Header.h */ = {isa = PBXFileReference; lastKnownFileType = sourcecode.c.h; path = "easyVideo-iOS-Bridging-Header.h"; sourceTree = "<group>"; };
		FCA8979423BF08E000A0C78E /* BaseTabBarVC.swift */ = {isa = PBXFileReference; lastKnownFileType = sourcecode.swift; path = BaseTabBarVC.swift; sourceTree = "<group>"; };
		FCA8979723BF092400A0C78E /* BaseViewController.swift */ = {isa = PBXFileReference; lastKnownFileType = sourcecode.swift; path = BaseViewController.swift; sourceTree = "<group>"; };
		FCA8979923BF0A0F00A0C78E /* MeetingVC.swift */ = {isa = PBXFileReference; lastKnownFileType = sourcecode.swift; path = MeetingVC.swift; sourceTree = "<group>"; };
		FCA8979A23BF0A0F00A0C78E /* MeetingVC.xib */ = {isa = PBXFileReference; lastKnownFileType = file.xib; path = MeetingVC.xib; sourceTree = "<group>"; };
		FCA8979D23BF0A2200A0C78E /* JoinMeetingVC.swift */ = {isa = PBXFileReference; lastKnownFileType = sourcecode.swift; path = JoinMeetingVC.swift; sourceTree = "<group>"; };
		FCA8979E23BF0A2200A0C78E /* JoinMeetingVC.xib */ = {isa = PBXFileReference; lastKnownFileType = file.xib; path = JoinMeetingVC.xib; sourceTree = "<group>"; };
		FCA897A123BF0A3F00A0C78E /* ChatVC.swift */ = {isa = PBXFileReference; lastKnownFileType = sourcecode.swift; path = ChatVC.swift; sourceTree = "<group>"; };
		FCA897A223BF0A3F00A0C78E /* ChatVC.xib */ = {isa = PBXFileReference; lastKnownFileType = file.xib; path = ChatVC.xib; sourceTree = "<group>"; };
		FCA897A523BF0A4B00A0C78E /* ContactVC.swift */ = {isa = PBXFileReference; lastKnownFileType = sourcecode.swift; path = ContactVC.swift; sourceTree = "<group>"; };
		FCA897A623BF0A4B00A0C78E /* ContactVC.xib */ = {isa = PBXFileReference; lastKnownFileType = file.xib; path = ContactVC.xib; sourceTree = "<group>"; };
		FCA897A923BF0A5600A0C78E /* MeVC.swift */ = {isa = PBXFileReference; lastKnownFileType = sourcecode.swift; path = MeVC.swift; sourceTree = "<group>"; };
		FCA897AA23BF0A5600A0C78E /* MeVC.xib */ = {isa = PBXFileReference; lastKnownFileType = file.xib; path = MeVC.xib; sourceTree = "<group>"; };
		FCA897B023BF0EDE00A0C78E /* UIViewExtension.swift */ = {isa = PBXFileReference; lastKnownFileType = sourcecode.swift; path = UIViewExtension.swift; sourceTree = "<group>"; };
		FCA897B223BF0F0000A0C78E /* UITabBarControllerExtension.swift */ = {isa = PBXFileReference; lastKnownFileType = sourcecode.swift; path = UITabBarControllerExtension.swift; sourceTree = "<group>"; };
		FCA897B423BF1F0700A0C78E /* LoginVC.swift */ = {isa = PBXFileReference; lastKnownFileType = sourcecode.swift; path = LoginVC.swift; sourceTree = "<group>"; };
		FCA897B523BF1F0700A0C78E /* LoginVC.xib */ = {isa = PBXFileReference; lastKnownFileType = file.xib; path = LoginVC.xib; sourceTree = "<group>"; };
		FCA897B823BF1F8A00A0C78E /* BaseVC+jump.swift */ = {isa = PBXFileReference; lastKnownFileType = sourcecode.swift; path = "BaseVC+jump.swift"; sourceTree = "<group>"; };
		FCA897BA23BF1FD200A0C78E /* PrivateVC.swift */ = {isa = PBXFileReference; lastKnownFileType = sourcecode.swift; path = PrivateVC.swift; sourceTree = "<group>"; };
		FCA897BB23BF1FD200A0C78E /* PrivateVC.xib */ = {isa = PBXFileReference; lastKnownFileType = file.xib; path = PrivateVC.xib; sourceTree = "<group>"; };
		FCA897BE23BF1FE800A0C78E /* CloudVC.swift */ = {isa = PBXFileReference; lastKnownFileType = sourcecode.swift; path = CloudVC.swift; sourceTree = "<group>"; };
		FCA897BF23BF1FE800A0C78E /* CloudVC.xib */ = {isa = PBXFileReference; lastKnownFileType = file.xib; path = CloudVC.xib; sourceTree = "<group>"; };
		FCA897C623BF2B3C00A0C78E /* LoginVC+EXT.swift */ = {isa = PBXFileReference; lastKnownFileType = sourcecode.swift; path = "LoginVC+EXT.swift"; sourceTree = "<group>"; };
		FCA897C823BF370D00A0C78E /* PrivateVC+EXT.swift */ = {isa = PBXFileReference; lastKnownFileType = sourcecode.swift; path = "PrivateVC+EXT.swift"; sourceTree = "<group>"; };
		FCA897CA23BF3B9D00A0C78E /* CloudVC+EXT.swift */ = {isa = PBXFileReference; lastKnownFileType = sourcecode.swift; path = "CloudVC+EXT.swift"; sourceTree = "<group>"; };
		FCA897CE23BF3D2700A0C78E /* PrivateLoginVC.swift */ = {isa = PBXFileReference; lastKnownFileType = sourcecode.swift; path = PrivateLoginVC.swift; sourceTree = "<group>"; };
		FCA897CF23BF3D2700A0C78E /* PrivateLoginVC.xib */ = {isa = PBXFileReference; lastKnownFileType = file.xib; path = PrivateLoginVC.xib; sourceTree = "<group>"; };
		FCA897D223BF3D3600A0C78E /* PrivateJoinVC.swift */ = {isa = PBXFileReference; lastKnownFileType = sourcecode.swift; path = PrivateJoinVC.swift; sourceTree = "<group>"; };
		FCA897D323BF3D3600A0C78E /* PrivateJoinVC.xib */ = {isa = PBXFileReference; lastKnownFileType = file.xib; path = PrivateJoinVC.xib; sourceTree = "<group>"; };
		FCA897D623BF406800A0C78E /* PrivateJoinVC+EXT.swift */ = {isa = PBXFileReference; lastKnownFileType = sourcecode.swift; path = "PrivateJoinVC+EXT.swift"; sourceTree = "<group>"; };
/* End PBXFileReference section */

/* Begin PBXFrameworksBuildPhase section */
		FCA8976623BEF1B300A0C78E /* Frameworks */ = {
			isa = PBXFrameworksBuildPhase;
			buildActionMask = 2147483647;
			files = (
				83DB2C0A07F600A142527CC9 /* libPods-easyVideo-iOS.a in Frameworks */,
			);
			runOnlyForDeploymentPostprocessing = 0;
		};
/* End PBXFrameworksBuildPhase section */

/* Begin PBXGroup section */
		9F03ECA14341C1E99DC4FE6D /* Pods */ = {
			isa = PBXGroup;
			children = (
				94BC8C6E623E3DA5586C7BD9 /* Pods-easyVideo-iOS.debug.xcconfig */,
				2E32B59F18AC78D59B4A3362 /* Pods-easyVideo-iOS.release.xcconfig */,
			);
			path = Pods;
			sourceTree = "<group>";
		};
		E50B9E295A8ECCF4EFD918FE /* Frameworks */ = {
			isa = PBXGroup;
			children = (
				7C66CB153E2204599DA6CCAB /* libPods-easyVideo-iOS.a */,
			);
			name = Frameworks;
			sourceTree = "<group>";
		};
		FCA8976023BEF1B300A0C78E = {
			isa = PBXGroup;
			children = (
				FCA8976B23BEF1B300A0C78E /* easyVideo-iOS */,
				FCA8976A23BEF1B300A0C78E /* Products */,
				9F03ECA14341C1E99DC4FE6D /* Pods */,
				E50B9E295A8ECCF4EFD918FE /* Frameworks */,
			);
			sourceTree = "<group>";
		};
		FCA8976A23BEF1B300A0C78E /* Products */ = {
			isa = PBXGroup;
			children = (
				FCA8976923BEF1B300A0C78E /* easyVideo-iOS.app */,
			);
			name = Products;
			sourceTree = "<group>";
		};
		FCA8976B23BEF1B300A0C78E /* easyVideo-iOS */ = {
			isa = PBXGroup;
			children = (
				FCA897CD23BF3C7E00A0C78E /* ViewController */,
				FCA8979623BF090B00A0C78E /* BaseClass */,
				FCA897AD23BF0E6100A0C78E /* ExtensionClass */,
				FCA8976C23BEF1B300A0C78E /* AppDelegate.swift */,
				FCA8977223BEF1B300A0C78E /* Main.storyboard */,
				FCA8977523BEF1B600A0C78E /* Assets.xcassets */,
				FCA8977723BEF1B600A0C78E /* LaunchScreen.storyboard */,
				FCA8977A23BEF1B600A0C78E /* Info.plist */,
				FCA8978D23BF077000A0C78E /* easyVideo-iOS-Bridging-Header.h */,
			);
			path = "easyVideo-iOS";
			sourceTree = "<group>";
		};
		FCA8978223BF056F00A0C78E /* WhiteBoardPage */ = {
			isa = PBXGroup;
			children = (
			);
			path = WhiteBoardPage;
			sourceTree = "<group>";
		};
		FCA8978323BF057100A0C78E /* VideoPage */ = {
			isa = PBXGroup;
			children = (
			);
			path = VideoPage;
			sourceTree = "<group>";
		};
		FCA8978423BF057300A0C78E /* HomePage */ = {
			isa = PBXGroup;
			children = (
				FCA8978C23BF05DB00A0C78E /* Meeting */,
				FCA8978B23BF05D900A0C78E /* JoinMeeting */,
				FCA8978A23BF05D700A0C78E /* Chat */,
				FCA8978923BF05D600A0C78E /* Contact */,
				FCA8978823BF05D300A0C78E /* Me */,
			);
			path = HomePage;
			sourceTree = "<group>";
		};
		FCA8978523BF057600A0C78E /* LoginPage */ = {
			isa = PBXGroup;
			children = (
				FCA8978723BF05A800A0C78E /* PrivateServer */,
				FCA8978623BF05A600A0C78E /* CloudServer */,
				FCA897B423BF1F0700A0C78E /* LoginVC.swift */,
				FCA897B523BF1F0700A0C78E /* LoginVC.xib */,
			);
			path = LoginPage;
			sourceTree = "<group>";
		};
		FCA8978623BF05A600A0C78E /* CloudServer */ = {
			isa = PBXGroup;
			children = (
				FCA897BE23BF1FE800A0C78E /* CloudVC.swift */,
				FCA897BF23BF1FE800A0C78E /* CloudVC.xib */,
			);
			path = CloudServer;
			sourceTree = "<group>";
		};
		FCA8978723BF05A800A0C78E /* PrivateServer */ = {
			isa = PBXGroup;
			children = (
				FCA897BA23BF1FD200A0C78E /* PrivateVC.swift */,
				FCA897BB23BF1FD200A0C78E /* PrivateVC.xib */,
				FCA897CE23BF3D2700A0C78E /* PrivateLoginVC.swift */,
				FCA897CF23BF3D2700A0C78E /* PrivateLoginVC.xib */,
				FCA897D223BF3D3600A0C78E /* PrivateJoinVC.swift */,
				FCA897D323BF3D3600A0C78E /* PrivateJoinVC.xib */,
			);
			path = PrivateServer;
			sourceTree = "<group>";
		};
		FCA8978823BF05D300A0C78E /* Me */ = {
			isa = PBXGroup;
			children = (
				FCA897A923BF0A5600A0C78E /* MeVC.swift */,
				FCA897AA23BF0A5600A0C78E /* MeVC.xib */,
			);
			path = Me;
			sourceTree = "<group>";
		};
		FCA8978923BF05D600A0C78E /* Contact */ = {
			isa = PBXGroup;
			children = (
				FCA897A523BF0A4B00A0C78E /* ContactVC.swift */,
				FCA897A623BF0A4B00A0C78E /* ContactVC.xib */,
			);
			path = Contact;
			sourceTree = "<group>";
		};
		FCA8978A23BF05D700A0C78E /* Chat */ = {
			isa = PBXGroup;
			children = (
				FCA897A123BF0A3F00A0C78E /* ChatVC.swift */,
				FCA897A223BF0A3F00A0C78E /* ChatVC.xib */,
			);
			path = Chat;
			sourceTree = "<group>";
		};
		FCA8978B23BF05D900A0C78E /* JoinMeeting */ = {
			isa = PBXGroup;
			children = (
				FCA8979D23BF0A2200A0C78E /* JoinMeetingVC.swift */,
				FCA8979E23BF0A2200A0C78E /* JoinMeetingVC.xib */,
			);
			path = JoinMeeting;
			sourceTree = "<group>";
		};
		FCA8978C23BF05DB00A0C78E /* Meeting */ = {
			isa = PBXGroup;
			children = (
				FCA8979923BF0A0F00A0C78E /* MeetingVC.swift */,
				FCA8979A23BF0A0F00A0C78E /* MeetingVC.xib */,
			);
			path = Meeting;
			sourceTree = "<group>";
		};
		FCA8979623BF090B00A0C78E /* BaseClass */ = {
			isa = PBXGroup;
			children = (
				FCA8979423BF08E000A0C78E /* BaseTabBarVC.swift */,
				FCA8979723BF092400A0C78E /* BaseViewController.swift */,
			);
			path = BaseClass;
			sourceTree = "<group>";
		};
		FCA897AD23BF0E6100A0C78E /* ExtensionClass */ = {
			isa = PBXGroup;
			children = (
				FCA897CC23BF3BA100A0C78E /* UIViewControllerEXT */,
				FCA897B023BF0EDE00A0C78E /* UIViewExtension.swift */,
				FCA897B223BF0F0000A0C78E /* UITabBarControllerExtension.swift */,
				FCA897B823BF1F8A00A0C78E /* BaseVC+jump.swift */,
			);
			path = ExtensionClass;
			sourceTree = "<group>";
		};
		FCA897CC23BF3BA100A0C78E /* UIViewControllerEXT */ = {
			isa = PBXGroup;
			children = (
				FCA897C623BF2B3C00A0C78E /* LoginVC+EXT.swift */,
				FCA897C823BF370D00A0C78E /* PrivateVC+EXT.swift */,
				FCA897CA23BF3B9D00A0C78E /* CloudVC+EXT.swift */,
				FCA897D623BF406800A0C78E /* PrivateJoinVC+EXT.swift */,
			);
			path = UIViewControllerEXT;
			sourceTree = "<group>";
		};
		FCA897CD23BF3C7E00A0C78E /* ViewController */ = {
			isa = PBXGroup;
			children = (
				FCA8978523BF057600A0C78E /* LoginPage */,
				FCA8978423BF057300A0C78E /* HomePage */,
				FCA8978323BF057100A0C78E /* VideoPage */,
				FCA8978223BF056F00A0C78E /* WhiteBoardPage */,
			);
			path = ViewController;
			sourceTree = "<group>";
		};
/* End PBXGroup section */

/* Begin PBXNativeTarget section */
		FCA8976823BEF1B300A0C78E /* easyVideo-iOS */ = {
			isa = PBXNativeTarget;
			buildConfigurationList = FCA8977D23BEF1B600A0C78E /* Build configuration list for PBXNativeTarget "easyVideo-iOS" */;
			buildPhases = (
				423225D59DCA4182B2806666 /* [CP] Check Pods Manifest.lock */,
				FCA8976523BEF1B300A0C78E /* Sources */,
				FCA8976623BEF1B300A0C78E /* Frameworks */,
				FCA8976723BEF1B300A0C78E /* Resources */,
				807D399F85DD4B898742F344 /* [CP] Copy Pods Resources */,
			);
			buildRules = (
			);
			dependencies = (
			);
			name = "easyVideo-iOS";
			productName = "easyVideo-iOS";
			productReference = FCA8976923BEF1B300A0C78E /* easyVideo-iOS.app */;
			productType = "com.apple.product-type.application";
		};
/* End PBXNativeTarget section */

/* Begin PBXProject section */
		FCA8976123BEF1B300A0C78E /* Project object */ = {
			isa = PBXProject;
			attributes = {
				LastSwiftUpdateCheck = 1130;
				LastUpgradeCheck = 1130;
				ORGANIZATIONNAME = "quanhao huang";
				TargetAttributes = {
					FCA8976823BEF1B300A0C78E = {
						CreatedOnToolsVersion = 11.3;
						LastSwiftMigration = 1130;
					};
				};
			};
			buildConfigurationList = FCA8976423BEF1B300A0C78E /* Build configuration list for PBXProject "easyVideo-iOS" */;
			compatibilityVersion = "Xcode 9.3";
			developmentRegion = en;
			hasScannedForEncodings = 0;
			knownRegions = (
				en,
				Base,
			);
			mainGroup = FCA8976023BEF1B300A0C78E;
			productRefGroup = FCA8976A23BEF1B300A0C78E /* Products */;
			projectDirPath = "";
			projectRoot = "";
			targets = (
				FCA8976823BEF1B300A0C78E /* easyVideo-iOS */,
			);
		};
/* End PBXProject section */

/* Begin PBXResourcesBuildPhase section */
		FCA8976723BEF1B300A0C78E /* Resources */ = {
			isa = PBXResourcesBuildPhase;
			buildActionMask = 2147483647;
			files = (
				FCA897D523BF3D3600A0C78E /* PrivateJoinVC.xib in Resources */,
				FCA897BD23BF1FD200A0C78E /* PrivateVC.xib in Resources */,
				FCA897A823BF0A4B00A0C78E /* ContactVC.xib in Resources */,
				FCA8979C23BF0A0F00A0C78E /* MeetingVC.xib in Resources */,
				FCA8977923BEF1B600A0C78E /* LaunchScreen.storyboard in Resources */,
				FCA8977623BEF1B600A0C78E /* Assets.xcassets in Resources */,
				FCA897C123BF1FE800A0C78E /* CloudVC.xib in Resources */,
				FCA897AC23BF0A5600A0C78E /* MeVC.xib in Resources */,
				FCA897D123BF3D2700A0C78E /* PrivateLoginVC.xib in Resources */,
				FCA897A023BF0A2200A0C78E /* JoinMeetingVC.xib in Resources */,
				FCA897B723BF1F0700A0C78E /* LoginVC.xib in Resources */,
				FCA897A423BF0A3F00A0C78E /* ChatVC.xib in Resources */,
				FCA8977423BEF1B300A0C78E /* Main.storyboard in Resources */,
			);
			runOnlyForDeploymentPostprocessing = 0;
		};
/* End PBXResourcesBuildPhase section */

/* Begin PBXShellScriptBuildPhase section */
		423225D59DCA4182B2806666 /* [CP] Check Pods Manifest.lock */ = {
			isa = PBXShellScriptBuildPhase;
			buildActionMask = 2147483647;
			files = (
			);
			inputFileListPaths = (
			);
			inputPaths = (
				"${PODS_PODFILE_DIR_PATH}/Podfile.lock",
				"${PODS_ROOT}/Manifest.lock",
			);
			name = "[CP] Check Pods Manifest.lock";
			outputFileListPaths = (
			);
			outputPaths = (
				"$(DERIVED_FILE_DIR)/Pods-easyVideo-iOS-checkManifestLockResult.txt",
			);
			runOnlyForDeploymentPostprocessing = 0;
			shellPath = /bin/sh;
			shellScript = "diff \"${PODS_PODFILE_DIR_PATH}/Podfile.lock\" \"${PODS_ROOT}/Manifest.lock\" > /dev/null\nif [ $? != 0 ] ; then\n    # print error to STDERR\n    echo \"error: The sandbox is not in sync with the Podfile.lock. Run 'pod install' or update your CocoaPods installation.\" >&2\n    exit 1\nfi\n# This output is used by Xcode 'outputs' to avoid re-running this script phase.\necho \"SUCCESS\" > \"${SCRIPT_OUTPUT_FILE_0}\"\n";
			showEnvVarsInLog = 0;
		};
		807D399F85DD4B898742F344 /* [CP] Copy Pods Resources */ = {
			isa = PBXShellScriptBuildPhase;
			buildActionMask = 2147483647;
			files = (
			);
			inputFileListPaths = (
				"${PODS_ROOT}/Target Support Files/Pods-easyVideo-iOS/Pods-easyVideo-iOS-resources-${CONFIGURATION}-input-files.xcfilelist",
			);
			name = "[CP] Copy Pods Resources";
			outputFileListPaths = (
				"${PODS_ROOT}/Target Support Files/Pods-easyVideo-iOS/Pods-easyVideo-iOS-resources-${CONFIGURATION}-output-files.xcfilelist",
			);
			runOnlyForDeploymentPostprocessing = 0;
			shellPath = /bin/sh;
			shellScript = "\"${PODS_ROOT}/Target Support Files/Pods-easyVideo-iOS/Pods-easyVideo-iOS-resources.sh\"\n";
			showEnvVarsInLog = 0;
		};
/* End PBXShellScriptBuildPhase section */

/* Begin PBXSourcesBuildPhase section */
		FCA8976523BEF1B300A0C78E /* Sources */ = {
			isa = PBXSourcesBuildPhase;
			buildActionMask = 2147483647;
			files = (
				FCA897B623BF1F0700A0C78E /* LoginVC.swift in Sources */,
				FCA897AB23BF0A5600A0C78E /* MeVC.swift in Sources */,
				FCA897D423BF3D3600A0C78E /* PrivateJoinVC.swift in Sources */,
				FCA897C723BF2B3C00A0C78E /* LoginVC+EXT.swift in Sources */,
				FCA897A323BF0A3F00A0C78E /* ChatVC.swift in Sources */,
				FCA8979B23BF0A0F00A0C78E /* MeetingVC.swift in Sources */,
				FCA897D723BF406800A0C78E /* PrivateJoinVC+EXT.swift in Sources */,
				FCA897CB23BF3B9D00A0C78E /* CloudVC+EXT.swift in Sources */,
				FCA897C923BF370E00A0C78E /* PrivateVC+EXT.swift in Sources */,
				FCA8976D23BEF1B300A0C78E /* AppDelegate.swift in Sources */,
				FCA897D023BF3D2700A0C78E /* PrivateLoginVC.swift in Sources */,
				FCA8979523BF08E000A0C78E /* BaseTabBarVC.swift in Sources */,
				FCA8979F23BF0A2200A0C78E /* JoinMeetingVC.swift in Sources */,
				FCA897B923BF1F8A00A0C78E /* BaseVC+jump.swift in Sources */,
				FCA897B123BF0EDE00A0C78E /* UIViewExtension.swift in Sources */,
				FCA897BC23BF1FD200A0C78E /* PrivateVC.swift in Sources */,
				FCA897C023BF1FE800A0C78E /* CloudVC.swift in Sources */,
				FCA897B323BF0F0000A0C78E /* UITabBarControllerExtension.swift in Sources */,
				FCA897A723BF0A4B00A0C78E /* ContactVC.swift in Sources */,
				FCA8979823BF092400A0C78E /* BaseViewController.swift in Sources */,
			);
			runOnlyForDeploymentPostprocessing = 0;
		};
/* End PBXSourcesBuildPhase section */

/* Begin PBXVariantGroup section */
		FCA8977223BEF1B300A0C78E /* Main.storyboard */ = {
			isa = PBXVariantGroup;
			children = (
				FCA8977323BEF1B300A0C78E /* Base */,
			);
			name = Main.storyboard;
			sourceTree = "<group>";
		};
		FCA8977723BEF1B600A0C78E /* LaunchScreen.storyboard */ = {
			isa = PBXVariantGroup;
			children = (
				FCA8977823BEF1B600A0C78E /* Base */,
			);
			name = LaunchScreen.storyboard;
			sourceTree = "<group>";
		};
/* End PBXVariantGroup section */

/* Begin XCBuildConfiguration section */
		FCA8977B23BEF1B600A0C78E /* Debug */ = {
			isa = XCBuildConfiguration;
			buildSettings = {
				ALWAYS_SEARCH_USER_PATHS = NO;
				CLANG_ANALYZER_NONNULL = YES;
				CLANG_ANALYZER_NUMBER_OBJECT_CONVERSION = YES_AGGRESSIVE;
				CLANG_CXX_LANGUAGE_STANDARD = "gnu++14";
				CLANG_CXX_LIBRARY = "libc++";
				CLANG_ENABLE_MODULES = YES;
				CLANG_ENABLE_OBJC_ARC = YES;
				CLANG_ENABLE_OBJC_WEAK = YES;
				CLANG_WARN_BLOCK_CAPTURE_AUTORELEASING = YES;
				CLANG_WARN_BOOL_CONVERSION = YES;
				CLANG_WARN_COMMA = YES;
				CLANG_WARN_CONSTANT_CONVERSION = YES;
				CLANG_WARN_DEPRECATED_OBJC_IMPLEMENTATIONS = YES;
				CLANG_WARN_DIRECT_OBJC_ISA_USAGE = YES_ERROR;
				CLANG_WARN_DOCUMENTATION_COMMENTS = YES;
				CLANG_WARN_EMPTY_BODY = YES;
				CLANG_WARN_ENUM_CONVERSION = YES;
				CLANG_WARN_INFINITE_RECURSION = YES;
				CLANG_WARN_INT_CONVERSION = YES;
				CLANG_WARN_NON_LITERAL_NULL_CONVERSION = YES;
				CLANG_WARN_OBJC_IMPLICIT_RETAIN_SELF = YES;
				CLANG_WARN_OBJC_LITERAL_CONVERSION = YES;
				CLANG_WARN_OBJC_ROOT_CLASS = YES_ERROR;
				CLANG_WARN_RANGE_LOOP_ANALYSIS = YES;
				CLANG_WARN_STRICT_PROTOTYPES = YES;
				CLANG_WARN_SUSPICIOUS_MOVE = YES;
				CLANG_WARN_UNGUARDED_AVAILABILITY = YES_AGGRESSIVE;
				CLANG_WARN_UNREACHABLE_CODE = YES;
				CLANG_WARN__DUPLICATE_METHOD_MATCH = YES;
				COPY_PHASE_STRIP = NO;
				DEBUG_INFORMATION_FORMAT = dwarf;
				ENABLE_STRICT_OBJC_MSGSEND = YES;
				ENABLE_TESTABILITY = YES;
				GCC_C_LANGUAGE_STANDARD = gnu11;
				GCC_DYNAMIC_NO_PIC = NO;
				GCC_NO_COMMON_BLOCKS = YES;
				GCC_OPTIMIZATION_LEVEL = 0;
				GCC_PREPROCESSOR_DEFINITIONS = (
					"DEBUG=1",
					"$(inherited)",
				);
				GCC_WARN_64_TO_32_BIT_CONVERSION = YES;
				GCC_WARN_ABOUT_RETURN_TYPE = YES_ERROR;
				GCC_WARN_UNDECLARED_SELECTOR = YES;
				GCC_WARN_UNINITIALIZED_AUTOS = YES_AGGRESSIVE;
				GCC_WARN_UNUSED_FUNCTION = YES;
				GCC_WARN_UNUSED_VARIABLE = YES;
				IPHONEOS_DEPLOYMENT_TARGET = 9.0;
				MTL_ENABLE_DEBUG_INFO = INCLUDE_SOURCE;
				MTL_FAST_MATH = YES;
				ONLY_ACTIVE_ARCH = YES;
				SDKROOT = iphoneos;
				SWIFT_ACTIVE_COMPILATION_CONDITIONS = DEBUG;
				SWIFT_OPTIMIZATION_LEVEL = "-Onone";
			};
			name = Debug;
		};
		FCA8977C23BEF1B600A0C78E /* Release */ = {
			isa = XCBuildConfiguration;
			buildSettings = {
				ALWAYS_SEARCH_USER_PATHS = NO;
				CLANG_ANALYZER_NONNULL = YES;
				CLANG_ANALYZER_NUMBER_OBJECT_CONVERSION = YES_AGGRESSIVE;
				CLANG_CXX_LANGUAGE_STANDARD = "gnu++14";
				CLANG_CXX_LIBRARY = "libc++";
				CLANG_ENABLE_MODULES = YES;
				CLANG_ENABLE_OBJC_ARC = YES;
				CLANG_ENABLE_OBJC_WEAK = YES;
				CLANG_WARN_BLOCK_CAPTURE_AUTORELEASING = YES;
				CLANG_WARN_BOOL_CONVERSION = YES;
				CLANG_WARN_COMMA = YES;
				CLANG_WARN_CONSTANT_CONVERSION = YES;
				CLANG_WARN_DEPRECATED_OBJC_IMPLEMENTATIONS = YES;
				CLANG_WARN_DIRECT_OBJC_ISA_USAGE = YES_ERROR;
				CLANG_WARN_DOCUMENTATION_COMMENTS = YES;
				CLANG_WARN_EMPTY_BODY = YES;
				CLANG_WARN_ENUM_CONVERSION = YES;
				CLANG_WARN_INFINITE_RECURSION = YES;
				CLANG_WARN_INT_CONVERSION = YES;
				CLANG_WARN_NON_LITERAL_NULL_CONVERSION = YES;
				CLANG_WARN_OBJC_IMPLICIT_RETAIN_SELF = YES;
				CLANG_WARN_OBJC_LITERAL_CONVERSION = YES;
				CLANG_WARN_OBJC_ROOT_CLASS = YES_ERROR;
				CLANG_WARN_RANGE_LOOP_ANALYSIS = YES;
				CLANG_WARN_STRICT_PROTOTYPES = YES;
				CLANG_WARN_SUSPICIOUS_MOVE = YES;
				CLANG_WARN_UNGUARDED_AVAILABILITY = YES_AGGRESSIVE;
				CLANG_WARN_UNREACHABLE_CODE = YES;
				CLANG_WARN__DUPLICATE_METHOD_MATCH = YES;
				COPY_PHASE_STRIP = NO;
				DEBUG_INFORMATION_FORMAT = "dwarf-with-dsym";
				ENABLE_NS_ASSERTIONS = NO;
				ENABLE_STRICT_OBJC_MSGSEND = YES;
				GCC_C_LANGUAGE_STANDARD = gnu11;
				GCC_NO_COMMON_BLOCKS = YES;
				GCC_WARN_64_TO_32_BIT_CONVERSION = YES;
				GCC_WARN_ABOUT_RETURN_TYPE = YES_ERROR;
				GCC_WARN_UNDECLARED_SELECTOR = YES;
				GCC_WARN_UNINITIALIZED_AUTOS = YES_AGGRESSIVE;
				GCC_WARN_UNUSED_FUNCTION = YES;
				GCC_WARN_UNUSED_VARIABLE = YES;
				IPHONEOS_DEPLOYMENT_TARGET = 9.0;
				MTL_ENABLE_DEBUG_INFO = NO;
				MTL_FAST_MATH = YES;
				SDKROOT = iphoneos;
				SWIFT_COMPILATION_MODE = wholemodule;
				SWIFT_OPTIMIZATION_LEVEL = "-O";
				VALIDATE_PRODUCT = YES;
			};
			name = Release;
		};
		FCA8977E23BEF1B600A0C78E /* Debug */ = {
			isa = XCBuildConfiguration;
			baseConfigurationReference = 94BC8C6E623E3DA5586C7BD9 /* Pods-easyVideo-iOS.debug.xcconfig */;
			buildSettings = {
				ASSETCATALOG_COMPILER_APPICON_NAME = AppIcon;
				CLANG_ENABLE_MODULES = YES;
				CODE_SIGN_STYLE = Automatic;
				DEVELOPMENT_TEAM = NZ969DV7E7;
				INFOPLIST_FILE = "easyVideo-iOS/Info.plist";
				LD_RUNPATH_SEARCH_PATHS = (
					"$(inherited)",
					"@executable_path/Frameworks",
				);
				PRODUCT_BUNDLE_IDENTIFIER = hqh.swiftDemo;
				PRODUCT_NAME = "$(TARGET_NAME)";
				SWIFT_OBJC_BRIDGING_HEADER = "easyVideo-iOS/easyVideo-iOS-Bridging-Header.h";
				SWIFT_OPTIMIZATION_LEVEL = "-Onone";
				SWIFT_VERSION = 5.0;
				TARGETED_DEVICE_FAMILY = "1,2";
			};
			name = Debug;
		};
		FCA8977F23BEF1B600A0C78E /* Release */ = {
			isa = XCBuildConfiguration;
			baseConfigurationReference = 2E32B59F18AC78D59B4A3362 /* Pods-easyVideo-iOS.release.xcconfig */;
			buildSettings = {
				ASSETCATALOG_COMPILER_APPICON_NAME = AppIcon;
				CLANG_ENABLE_MODULES = YES;
				CODE_SIGN_STYLE = Automatic;
				DEVELOPMENT_TEAM = NZ969DV7E7;
				INFOPLIST_FILE = "easyVideo-iOS/Info.plist";
				LD_RUNPATH_SEARCH_PATHS = (
					"$(inherited)",
					"@executable_path/Frameworks",
				);
				PRODUCT_BUNDLE_IDENTIFIER = hqh.swiftDemo;
				PRODUCT_NAME = "$(TARGET_NAME)";
				SWIFT_OBJC_BRIDGING_HEADER = "easyVideo-iOS/easyVideo-iOS-Bridging-Header.h";
				SWIFT_VERSION = 5.0;
				TARGETED_DEVICE_FAMILY = "1,2";
			};
			name = Release;
		};
/* End XCBuildConfiguration section */

/* Begin XCConfigurationList section */
		FCA8976423BEF1B300A0C78E /* Build configuration list for PBXProject "easyVideo-iOS" */ = {
			isa = XCConfigurationList;
			buildConfigurations = (
				FCA8977B23BEF1B600A0C78E /* Debug */,
				FCA8977C23BEF1B600A0C78E /* Release */,
			);
			defaultConfigurationIsVisible = 0;
			defaultConfigurationName = Release;
		};
		FCA8977D23BEF1B600A0C78E /* Build configuration list for PBXNativeTarget "easyVideo-iOS" */ = {
			isa = XCConfigurationList;
			buildConfigurations = (
				FCA8977E23BEF1B600A0C78E /* Debug */,
				FCA8977F23BEF1B600A0C78E /* Release */,
			);
			defaultConfigurationIsVisible = 0;
			defaultConfigurationName = Release;
		};
/* End XCConfigurationList section */
	};
	rootObject = FCA8976123BEF1B300A0C78E /* Project object */;
}
